// !$*UTF8*$!
{
	archiveVersion = 1;
	classes = {
	};
	objectVersion = 55;
	objects = {

/* Begin PBXBuildFile section */
		588ABFD62777C0B900889370 /* WeatherApp.swift in Sources */ = {isa = PBXBuildFile; fileRef = 588ABFD52777C0B900889370 /* WeatherApp.swift */; };
		588ABFD82777C0B900889370 /* ContentView.swift in Sources */ = {isa = PBXBuildFile; fileRef = 588ABFD72777C0B900889370 /* ContentView.swift */; };
		588ABFDA2777C0B900889370 /* Assets.xcassets in Resources */ = {isa = PBXBuildFile; fileRef = 588ABFD92777C0B900889370 /* Assets.xcassets */; };
		588ABFDD2777C0B900889370 /* Preview Assets.xcassets in Resources */ = {isa = PBXBuildFile; fileRef = 588ABFDC2777C0B900889370 /* Preview Assets.xcassets */; };
		588ABFE52777C14200889370 /* LocationManager.swift in Sources */ = {isa = PBXBuildFile; fileRef = 588ABFE42777C14200889370 /* LocationManager.swift */; };
		588ABFE82777C27900889370 /* WelcomeView.swift in Sources */ = {isa = PBXBuildFile; fileRef = 588ABFE72777C27900889370 /* WelcomeView.swift */; };
		588ABFEA2777C63D00889370 /* LoadingView.swift in Sources */ = {isa = PBXBuildFile; fileRef = 588ABFE92777C63D00889370 /* LoadingView.swift */; };
		588ABFEC2777C7BA00889370 /* WeatherManager.swift in Sources */ = {isa = PBXBuildFile; fileRef = 588ABFEB2777C7BA00889370 /* WeatherManager.swift */; };
		588ABFEE2777CCDD00889370 /* WeatherView.swift in Sources */ = {isa = PBXBuildFile; fileRef = 588ABFED2777CCDD00889370 /* WeatherView.swift */; };
		588ABFF02777CD0C00889370 /* ModelData.swift in Sources */ = {isa = PBXBuildFile; fileRef = 588ABFEF2777CD0C00889370 /* ModelData.swift */; };
		588ABFF22777CDB500889370 /* weatherData.json in Resources */ = {isa = PBXBuildFile; fileRef = 588ABFF12777CDB500889370 /* weatherData.json */; };
		588ABFF42777CEE000889370 /* Extensions.swift in Sources */ = {isa = PBXBuildFile; fileRef = 588ABFF32777CEE000889370 /* Extensions.swift */; };
		588ABFF62778CC0600889370 /* WeatherRow.swift in Sources */ = {isa = PBXBuildFile; fileRef = 588ABFF52778CC0600889370 /* WeatherRow.swift */; };
/* End PBXBuildFile section */

/* Begin PBXFileReference section */
		588ABFD22777C0B900889370 /* Weather.app */ = {isa = PBXFileReference; explicitFileType = wrapper.application; includeInIndex = 0; path = Weather.app; sourceTree = BUILT_PRODUCTS_DIR; };
		588ABFD52777C0B900889370 /* WeatherApp.swift */ = {isa = PBXFileReference; lastKnownFileType = sourcecode.swift; path = WeatherApp.swift; sourceTree = "<group>"; };
		588ABFD72777C0B900889370 /* ContentView.swift */ = {isa = PBXFileReference; lastKnownFileType = sourcecode.swift; path = ContentView.swift; sourceTree = "<group>"; };
		588ABFD92777C0B900889370 /* Assets.xcassets */ = {isa = PBXFileReference; lastKnownFileType = folder.assetcatalog; path = Assets.xcassets; sourceTree = "<group>"; };
		588ABFDC2777C0B900889370 /* Preview Assets.xcassets */ = {isa = PBXFileReference; lastKnownFileType = folder.assetcatalog; path = "Preview Assets.xcassets"; sourceTree = "<group>"; };
		588ABFE42777C14200889370 /* LocationManager.swift */ = {isa = PBXFileReference; lastKnownFileType = sourcecode.swift; path = LocationManager.swift; sourceTree = "<group>"; };
		588ABFE72777C27900889370 /* WelcomeView.swift */ = {isa = PBXFileReference; lastKnownFileType = sourcecode.swift; path = WelcomeView.swift; sourceTree = "<group>"; };
		588ABFE92777C63D00889370 /* LoadingView.swift */ = {isa = PBXFileReference; lastKnownFileType = sourcecode.swift; path = LoadingView.swift; sourceTree = "<group>"; };
		588ABFEB2777C7BA00889370 /* WeatherManager.swift */ = {isa = PBXFileReference; lastKnownFileType = sourcecode.swift; path = WeatherManager.swift; sourceTree = "<group>"; };
		588ABFED2777CCDD00889370 /* WeatherView.swift */ = {isa = PBXFileReference; lastKnownFileType = sourcecode.swift; path = WeatherView.swift; sourceTree = "<group>"; };
		588ABFEF2777CD0C00889370 /* ModelData.swift */ = {isa = PBXFileReference; lastKnownFileType = sourcecode.swift; path = ModelData.swift; sourceTree = "<group>"; };
		588ABFF12777CDB500889370 /* weatherData.json */ = {isa = PBXFileReference; lastKnownFileType = text.json; path = weatherData.json; sourceTree = "<group>"; };
		588ABFF32777CEE000889370 /* Extensions.swift */ = {isa = PBXFileReference; lastKnownFileType = sourcecode.swift; path = Extensions.swift; sourceTree = "<group>"; };
		588ABFF52778CC0600889370 /* WeatherRow.swift */ = {isa = PBXFileReference; lastKnownFileType = sourcecode.swift; path = WeatherRow.swift; sourceTree = "<group>"; };
/* End PBXFileReference section */

/* Begin PBXFrameworksBuildPhase section */
		588ABFCF2777C0B900889370 /* Frameworks */ = {
			isa = PBXFrameworksBuildPhase;
			buildActionMask = 2147483647;
			files = (
			);
			runOnlyForDeploymentPostprocessing = 0;
		};
/* End PBXFrameworksBuildPhase section */

/* Begin PBXGroup section */
		588ABFC92777C0B900889370 = {
			isa = PBXGroup;
			children = (
				588ABFD42777C0B900889370 /* Weather */,
				588ABFD32777C0B900889370 /* Products */,
			);
			sourceTree = "<group>";
		};
		588ABFD32777C0B900889370 /* Products */ = {
			isa = PBXGroup;
			children = (
				588ABFD22777C0B900889370 /* Weather.app */,
			);
			name = Products;
			sourceTree = "<group>";
		};
		588ABFD42777C0B900889370 /* Weather */ = {
			isa = PBXGroup;
			children = (
				588ABFF72778CC1000889370 /* Components */,
				588ABFE32777C13100889370 /* Managers */,
				588ABFE62777C23F00889370 /* Views */,
				588ABFD92777C0B900889370 /* Assets.xcassets */,
				588ABFF32777CEE000889370 /* Extensions.swift */,
				588ABFD52777C0B900889370 /* WeatherApp.swift */,
				588ABFDB2777C0B900889370 /* Preview Content */,
			);
			path = Weather;
			sourceTree = "<group>";
		};
		588ABFDB2777C0B900889370 /* Preview Content */ = {
			isa = PBXGroup;
			children = (
				588ABFDC2777C0B900889370 /* Preview Assets.xcassets */,
				588ABFEF2777CD0C00889370 /* ModelData.swift */,
				588ABFF12777CDB500889370 /* weatherData.json */,
			);
			path = "Preview Content";
			sourceTree = "<group>";
		};
		588ABFE32777C13100889370 /* Managers */ = {
			isa = PBXGroup;
			children = (
				588ABFE42777C14200889370 /* LocationManager.swift */,
				588ABFEB2777C7BA00889370 /* WeatherManager.swift */,
			);
			path = Managers;
			sourceTree = "<group>";
		};
		588ABFE62777C23F00889370 /* Views */ = {
			isa = PBXGroup;
			children = (
				588ABFD72777C0B900889370 /* ContentView.swift */,
				588ABFE72777C27900889370 /* WelcomeView.swift */,
				588ABFE92777C63D00889370 /* LoadingView.swift */,
				588ABFED2777CCDD00889370 /* WeatherView.swift */,
			);
			path = Views;
			sourceTree = "<group>";
		};
		588ABFF72778CC1000889370 /* Components */ = {
			isa = PBXGroup;
			children = (
				588ABFF52778CC0600889370 /* WeatherRow.swift */,
			);
			path = Components;
			sourceTree = "<group>";
		};
/* End PBXGroup section */

/* Begin PBXNativeTarget section */
		588ABFD12777C0B900889370 /* Weather */ = {
			isa = PBXNativeTarget;
			buildConfigurationList = 588ABFE02777C0B900889370 /* Build configuration list for PBXNativeTarget "Weather" */;
			buildPhases = (
				588ABFCE2777C0B900889370 /* Sources */,
				588ABFCF2777C0B900889370 /* Frameworks */,
				588ABFD02777C0B900889370 /* Resources */,
			);
			buildRules = (
			);
			dependencies = (
			);
			name = Weather;
			productName = Weather;
			productReference = 588ABFD22777C0B900889370 /* Weather.app */;
			productType = "com.apple.product-type.application";
		};
/* End PBXNativeTarget section */

/* Begin PBXProject section */
		588ABFCA2777C0B900889370 /* Project object */ = {
			isa = PBXProject;
			attributes = {
				BuildIndependentTargetsInParallel = 1;
				LastSwiftUpdateCheck = 1320;
				LastUpgradeCheck = 1320;
				TargetAttributes = {
					588ABFD12777C0B900889370 = {
						CreatedOnToolsVersion = 13.2;
					};
				};
			};
			buildConfigurationList = 588ABFCD2777C0B900889370 /* Build configuration list for PBXProject "Weather" */;
			compatibilityVersion = "Xcode 13.0";
			developmentRegion = en;
			hasScannedForEncodings = 0;
			knownRegions = (
				en,
				Base,
			);
			mainGroup = 588ABFC92777C0B900889370;
			productRefGroup = 588ABFD32777C0B900889370 /* Products */;
			projectDirPath = "";
			projectRoot = "";
			targets = (
				588ABFD12777C0B900889370 /* Weather */,
			);
		};
/* End PBXProject section */

/* Begin PBXResourcesBuildPhase section */
		588ABFD02777C0B900889370 /* Resources */ = {
			isa = PBXResourcesBuildPhase;
			buildActionMask = 2147483647;
			files = (
				588ABFDD2777C0B900889370 /* Preview Assets.xcassets in Resources */,
				588ABFF22777CDB500889370 /* weatherData.json in Resources */,
				588ABFDA2777C0B900889370 /* Assets.xcassets in Resources */,
			);
			runOnlyForDeploymentPostprocessing = 0;
		};
/* End PBXResourcesBuildPhase section */

/* Begin PBXSourcesBuildPhase section */
		588ABFCE2777C0B900889370 /* Sources */ = {
			isa = PBXSourcesBuildPhase;
			buildActionMask = 2147483647;
			files = (
				588ABFEC2777C7BA00889370 /* WeatherManager.swift in Sources */,
				588ABFF42777CEE000889370 /* Extensions.swift in Sources */,
				588ABFD82777C0B900889370 /* ContentView.swift in Sources */,
				588ABFD62777C0B900889370 /* WeatherApp.swift in Sources */,
				588ABFE52777C14200889370 /* LocationManager.swift in Sources */,
				588ABFF62778CC0600889370 /* WeatherRow.swift in Sources */,
				588ABFEA2777C63D00889370 /* LoadingView.swift in Sources */,
				588ABFF02777CD0C00889370 /* ModelData.swift in Sources */,
				588ABFEE2777CCDD00889370 /* WeatherView.swift in Sources */,
				588ABFE82777C27900889370 /* WelcomeView.swift in Sources */,
			);
			runOnlyForDeploymentPostprocessing = 0;
		};
/* End PBXSourcesBuildPhase section */

/* Begin XCBuildConfiguration section */
		588ABFDE2777C0B900889370 /* Debug */ = {
			isa = XCBuildConfiguration;
			buildSettings = {
				ALWAYS_SEARCH_USER_PATHS = NO;
				CLANG_ANALYZER_NONNULL = YES;
				CLANG_ANALYZER_NUMBER_OBJECT_CONVERSION = YES_AGGRESSIVE;
				CLANG_CXX_LANGUAGE_STANDARD = "gnu++17";
				CLANG_CXX_LIBRARY = "libc++";
				CLANG_ENABLE_MODULES = YES;
				CLANG_ENABLE_OBJC_ARC = YES;
				CLANG_ENABLE_OBJC_WEAK = YES;
				CLANG_WARN_BLOCK_CAPTURE_AUTORELEASING = YES;
				CLANG_WARN_BOOL_CONVERSION = YES;
				CLANG_WARN_COMMA = YES;
				CLANG_WARN_CONSTANT_CONVERSION = YES;
				CLANG_WARN_DEPRECATED_OBJC_IMPLEMENTATIONS = YES;
				CLANG_WARN_DIRECT_OBJC_ISA_USAGE = YES_ERROR;
				CLANG_WARN_DOCUMENTATION_COMMENTS = YES;
				CLANG_WARN_EMPTY_BODY = YES;
				CLANG_WARN_ENUM_CONVERSION = YES;
				CLANG_WARN_INFINITE_RECURSION = YES;
				CLANG_WARN_INT_CONVERSION = YES;
				CLANG_WARN_NON_LITERAL_NULL_CONVERSION = YES;
				CLANG_WARN_OBJC_IMPLICIT_RETAIN_SELF = YES;
				CLANG_WARN_OBJC_LITERAL_CONVERSION = YES;
				CLANG_WARN_OBJC_ROOT_CLASS = YES_ERROR;
				CLANG_WARN_QUOTED_INCLUDE_IN_FRAMEWORK_HEADER = YES;
				CLANG_WARN_RANGE_LOOP_ANALYSIS = YES;
				CLANG_WARN_STRICT_PROTOTYPES = YES;
				CLANG_WARN_SUSPICIOUS_MOVE = YES;
				CLANG_WARN_UNGUARDED_AVAILABILITY = YES_AGGRESSIVE;
				CLANG_WARN_UNREACHABLE_CODE = YES;
				CLANG_WARN__DUPLICATE_METHOD_MATCH = YES;
				COPY_PHASE_STRIP = NO;
				DEBUG_INFORMATION_FORMAT = dwarf;
				ENABLE_STRICT_OBJC_MSGSEND = YES;
				ENABLE_TESTABILITY = YES;
				GCC_C_LANGUAGE_STANDARD = gnu11;
				GCC_DYNAMIC_NO_PIC = NO;
				GCC_NO_COMMON_BLOCKS = YES;
				GCC_OPTIMIZATION_LEVEL = 0;
				GCC_PREPROCESSOR_DEFINITIONS = (
					"DEBUG=1",
					"$(inherited)",
				);
				GCC_WARN_64_TO_32_BIT_CONVERSION = YES;
				GCC_WARN_ABOUT_RETURN_TYPE = YES_ERROR;
				GCC_WARN_UNDECLARED_SELECTOR = YES;
				GCC_WARN_UNINITIALIZED_AUTOS = YES_AGGRESSIVE;
				GCC_WARN_UNUSED_FUNCTION = YES;
				GCC_WARN_UNUSED_VARIABLE = YES;
				IPHONEOS_DEPLOYMENT_TARGET = 15.2;
				MTL_ENABLE_DEBUG_INFO = INCLUDE_SOURCE;
				MTL_FAST_MATH = YES;
				ONLY_ACTIVE_ARCH = YES;
				SDKROOT = iphoneos;
				SWIFT_ACTIVE_COMPILATION_CONDITIONS = DEBUG;
				SWIFT_OPTIMIZATION_LEVEL = "-Onone";
			};
			name = Debug;
		};
		588ABFDF2777C0B900889370 /* Release */ = {
			isa = XCBuildConfiguration;
			buildSettings = {
				ALWAYS_SEARCH_USER_PATHS = NO;
				CLANG_ANALYZER_NONNULL = YES;
				CLANG_ANALYZER_NUMBER_OBJECT_CONVERSION = YES_AGGRESSIVE;
				CLANG_CXX_LANGUAGE_STANDARD = "gnu++17";
				CLANG_CXX_LIBRARY = "libc++";
				CLANG_ENABLE_MODULES = YES;
				CLANG_ENABLE_OBJC_ARC = YES;
				CLANG_ENABLE_OBJC_WEAK = YES;
				CLANG_WARN_BLOCK_CAPTURE_AUTORELEASING = YES;
				CLANG_WARN_BOOL_CONVERSION = YES;
				CLANG_WARN_COMMA = YES;
				CLANG_WARN_CONSTANT_CONVERSION = YES;
				CLANG_WARN_DEPRECATED_OBJC_IMPLEMENTATIONS = YES;
				CLANG_WARN_DIRECT_OBJC_ISA_USAGE = YES_ERROR;
				CLANG_WARN_DOCUMENTATION_COMMENTS = YES;
				CLANG_WARN_EMPTY_BODY = YES;
				CLANG_WARN_ENUM_CONVERSION = YES;
				CLANG_WARN_INFINITE_RECURSION = YES;
				CLANG_WARN_INT_CONVERSION = YES;
				CLANG_WARN_NON_LITERAL_NULL_CONVERSION = YES;
				CLANG_WARN_OBJC_IMPLICIT_RETAIN_SELF = YES;
				CLANG_WARN_OBJC_LITERAL_CONVERSION = YES;
				CLANG_WARN_OBJC_ROOT_CLASS = YES_ERROR;
				CLANG_WARN_QUOTED_INCLUDE_IN_FRAMEWORK_HEADER = YES;
				CLANG_WARN_RANGE_LOOP_ANALYSIS = YES;
				CLANG_WARN_STRICT_PROTOTYPES = YES;
				CLANG_WARN_SUSPICIOUS_MOVE = YES;
				CLANG_WARN_UNGUARDED_AVAILABILITY = YES_AGGRESSIVE;
				CLANG_WARN_UNREACHABLE_CODE = YES;
				CLANG_WARN__DUPLICATE_METHOD_MATCH = YES;
				COPY_PHASE_STRIP = NO;
				DEBUG_INFORMATION_FORMAT = "dwarf-with-dsym";
				ENABLE_NS_ASSERTIONS = NO;
				ENABLE_STRICT_OBJC_MSGSEND = YES;
				GCC_C_LANGUAGE_STANDARD = gnu11;
				GCC_NO_COMMON_BLOCKS = YES;
				GCC_WARN_64_TO_32_BIT_CONVERSION = YES;
				GCC_WARN_ABOUT_RETURN_TYPE = YES_ERROR;
				GCC_WARN_UNDECLARED_SELECTOR = YES;
				GCC_WARN_UNINITIALIZED_AUTOS = YES_AGGRESSIVE;
				GCC_WARN_UNUSED_FUNCTION = YES;
				GCC_WARN_UNUSED_VARIABLE = YES;
				IPHONEOS_DEPLOYMENT_TARGET = 15.2;
				MTL_ENABLE_DEBUG_INFO = NO;
				MTL_FAST_MATH = YES;
				SDKROOT = iphoneos;
				SWIFT_COMPILATION_MODE = wholemodule;
				SWIFT_OPTIMIZATION_LEVEL = "-O";
				VALIDATE_PRODUCT = YES;
			};
			name = Release;
		};
		588ABFE12777C0B900889370 /* Debug */ = {
			isa = XCBuildConfiguration;
			buildSettings = {
				ASSETCATALOG_COMPILER_APPICON_NAME = AppIcon;
				ASSETCATALOG_COMPILER_GLOBAL_ACCENT_COLOR_NAME = AccentColor;
				CODE_SIGN_STYLE = Automatic;
				CURRENT_PROJECT_VERSION = 1;
				DEVELOPMENT_ASSET_PATHS = "\"Weather/Preview Content\"";
				DEVELOPMENT_TEAM = M4MUQ5NS3N;
				ENABLE_PREVIEWS = YES;
				GENERATE_INFOPLIST_FILE = YES;
				INFOPLIST_KEY_UIApplicationSceneManifest_Generation = YES;
				INFOPLIST_KEY_UIApplicationSupportsIndirectInputEvents = YES;
				INFOPLIST_KEY_UILaunchScreen_Generation = YES;
				INFOPLIST_KEY_UISupportedInterfaceOrientations_iPad = "UIInterfaceOrientationPortrait UIInterfaceOrientationPortraitUpsideDown UIInterfaceOrientationLandscapeLeft UIInterfaceOrientationLandscapeRight";
				INFOPLIST_KEY_UISupportedInterfaceOrientations_iPhone = "UIInterfaceOrientationPortrait UIInterfaceOrientationLandscapeLeft UIInterfaceOrientationLandscapeRight";
				IPHONEOS_DEPLOYMENT_TARGET = 15.0;
				LD_RUNPATH_SEARCH_PATHS = (
					"$(inherited)",
					"@executable_path/Frameworks",
				);
				MARKETING_VERSION = 1.0;
				PRODUCT_BUNDLE_IDENTIFIER = com.hprajapati.Weather;
				PRODUCT_NAME = "$(TARGET_NAME)";
				SWIFT_EMIT_LOC_STRINGS = YES;
				SWIFT_VERSION = 5.0;
				TARGETED_DEVICE_FAMILY = "1,2";
			};
			name = Debug;
		};
		588ABFE22777C0B900889370 /* Release */ = {
			isa = XCBuildConfiguration;
			buildSettings = {
				ASSETCATALOG_COMPILER_APPICON_NAME = AppIcon;
				ASSETCATALOG_COMPILER_GLOBAL_ACCENT_COLOR_NAME = AccentColor;
				CODE_SIGN_STYLE = Automatic;
				CURRENT_PROJECT_VERSION = 1;
				DEVELOPMENT_ASSET_PATHS = "\"Weather/Preview Content\"";
				DEVELOPMENT_TEAM = M4MUQ5NS3N;
				ENABLE_PREVIEWS = YES;
				GENERATE_INFOPLIST_FILE = YES;
				INFOPLIST_KEY_UIApplicationSceneManifest_Generation = YES;
				INFOPLIST_KEY_UIApplicationSupportsIndirectInputEvents = YES;
				INFOPLIST_KEY_UILaunchScreen_Generation = YES;
				INFOPLIST_KEY_UISupportedInterfaceOrientations_iPad = "UIInterfaceOrientationPortrait UIInterfaceOrientationPortraitUpsideDown UIInterfaceOrientationLandscapeLeft UIInterfaceOrientationLandscapeRight";
				INFOPLIST_KEY_UISupportedInterfaceOrientations_iPhone = "UIInterfaceOrientationPortrait UIInterfaceOrientationLandscapeLeft UIInterfaceOrientationLandscapeRight";
				IPHONEOS_DEPLOYMENT_TARGET = 15.0;
				LD_RUNPATH_SEARCH_PATHS = (
					"$(inherited)",
					"@executable_path/Frameworks",
				);
				MARKETING_VERSION = 1.0;
				PRODUCT_BUNDLE_IDENTIFIER = com.hprajapati.Weather;
				PRODUCT_NAME = "$(TARGET_NAME)";
				SWIFT_EMIT_LOC_STRINGS = YES;
				SWIFT_VERSION = 5.0;
				TARGETED_DEVICE_FAMILY = "1,2";
			};
			name = Release;
		};
/* End XCBuildConfiguration section */

/* Begin XCConfigurationList section */
		588ABFCD2777C0B900889370 /* Build configuration list for PBXProject "Weather" */ = {
			isa = XCConfigurationList;
			buildConfigurations = (
				588ABFDE2777C0B900889370 /* Debug */,
				588ABFDF2777C0B900889370 /* Release */,
			);
			defaultConfigurationIsVisible = 0;
			defaultConfigurationName = Release;
		};
		588ABFE02777C0B900889370 /* Build configuration list for PBXNativeTarget "Weather" */ = {
			isa = XCConfigurationList;
			buildConfigurations = (
				588ABFE12777C0B900889370 /* Debug */,
				588ABFE22777C0B900889370 /* Release */,
			);
			defaultConfigurationIsVisible = 0;
			defaultConfigurationName = Release;
		};
/* End XCConfigurationList section */
	};
	rootObject = 588ABFCA2777C0B900889370 /* Project object */;
}
